
Microsoft Visual Studio Solution File, Format Version 12.00
# Visual Studio Version 17
VisualStudioVersion = 17.3.32804.467
MinimumVisualStudioVersion = 10.0.40219.1
Project("{FAE04EC0-301F-11D3-BF4B-00C04F79EFBC}") = "Lessons", "Lessons\Lessons.csproj", "{68F5B278-2100-4C24-83B4-3431BAC4B1DA}"
EndProject
Project("{FAE04EC0-301F-11D3-BF4B-00C04F79EFBC}") = "lesson1_1_logic_and", "lesson1_logic_and_logic_or\lesson1_1_logic_and.csproj", "{BCE50845-1B76-4AFE-A907-FEBCD5FA1720}"
EndProject
Project("{FAE04EC0-301F-11D3-BF4B-00C04F79EFBC}") = "lesson1_2_logic_or", "lesson1_logic_or\lesson1_2_logic_or.csproj", "{D7B0FB88-4634-439D-BCF5-171B4ABEEBA2}"
EndProject
Project("{FAE04EC0-301F-11D3-BF4B-00C04F79EFBC}") = "lesson1_3_switch", "lesson1_3_switch\lesson1_3_switch.csproj", "{16AAF76C-F585-432D-8237-74100B9E18E4}"
EndProject
Project("{FAE04EC0-301F-11D3-BF4B-00C04F79EFBC}") = "lesson1_4_loop", "lesson1_4_loop\lesson1_4_loop.csproj", "{56187DBB-CA2F-48DF-BDF1-6EE95DC83659}"
EndProject
Project("{FAE04EC0-301F-11D3-BF4B-00C04F79EFBC}") = "lesson2_loop_console_menu", "lesson2_loop_console_menu\lesson2_loop_console_menu.csproj", "{008DAF92-26C7-4DA1-9655-B9067C952936}"
EndProject
Project("{FAE04EC0-301F-11D3-BF4B-00C04F79EFBC}") = "lesson3_1_max_min_sum", "lesson3_max_min_sum\lesson3_1_max_min_sum.csproj", "{2855EA2B-947D-444A-BDCD-60ECC042F087}"
EndProject
Project("{FAE04EC0-301F-11D3-BF4B-00C04F79EFBC}") = "lesson3_2_loop_training", "lesson3_loop_training\lesson3_2_loop_training.csproj", "{58EE9102-0C8E-43F4-862A-8E7CEF692F24}"
EndProject
Project("{FAE04EC0-301F-11D3-BF4B-00C04F79EFBC}") = "lesson4_1_arrays", "lesson4_arrays\lesson4_1_arrays.csproj", "{6AB3EE18-EEBF-4A65-85F3-A6191FDD8056}"
EndProject
Project("{FAE04EC0-301F-11D3-BF4B-00C04F79EFBC}") = "lesson4_2_arrays_console_menu", "lesson4_2_arrays_console_menu\lesson4_2_arrays_console_menu.csproj", "{164C99EC-854F-4646-AE5E-5EE5A1F02175}"
EndProject
Project("{FAE04EC0-301F-11D3-BF4B-00C04F79EFBC}") = "lesson5_arrays_training", "lesson5_arrays_training\lesson5_arrays_training.csproj", "{C040AB50-48A4-46ED-9A70-F8549F7CE94C}"
EndProject
Project("{FAE04EC0-301F-11D3-BF4B-00C04F79EFBC}") = "lesson6_classes", "lesson6_classes\lesson6_classes.csproj", "{13B65389-7F9A-43FB-A132-46617272DDE0}"
EndProject
Project("{FAE04EC0-301F-11D3-BF4B-00C04F79EFBC}") = "lesson6_classes2", "lesson6_classes2\lesson6_classes2.csproj", "{CDA12C44-4D5C-4307-A0D1-7444BA58DDE9}"
EndProject
Project("{FAE04EC0-301F-11D3-BF4B-00C04F79EFBC}") = "lesson7_methods", "lesson7_methods\lesson7_methods.csproj", "{0E39DD62-4494-41D4-A99D-DEF669229CF7}"
EndProject
Project("{FAE04EC0-301F-11D3-BF4B-00C04F79EFBC}") = "lesson8_methods_training", "lesson8_methods_training\lesson8_methods_training.csproj", "{BE752EA5-209D-4853-8441-0B1522DBD71C}"
EndProject
Project("{FAE04EC0-301F-11D3-BF4B-00C04F79EFBC}") = "lesson9_methods_training", "lesson9_methods_training\lesson9_methods_training.csproj", "{8B441DD3-5F07-48A8-AF3A-15DA44A1FF7A}"
EndProject
Project("{FAE04EC0-301F-11D3-BF4B-00C04F79EFBC}") = "lessonz10", "lessonz10\lessonz10.csproj", "{3F15D148-12E4-46EB-8031-BC7A95B95591}"
EndProject
Project("{FAE04EC0-301F-11D3-BF4B-00C04F79EFBC}") = "lessonz11_constructor_overload", "lessonz11_constructor_overload\lessonz11_constructor_overload.csproj", "{A7B403AF-300B-46DA-8709-3A5BB47C6ED8}"
EndProject
Project("{FAE04EC0-301F-11D3-BF4B-00C04F79EFBC}") = "lessonz12_equals", "lessonz12_equals\lessonz12_equals.csproj", "{63AA5D74-91C4-4C4E-9C99-14368F1812ED}"
EndProject
Project("{FAE04EC0-301F-11D3-BF4B-00C04F79EFBC}") = "lessonz13_list", "lessonz13_list\lessonz13_list.csproj", "{AB2376D4-399A-4E03-86DC-FB6FBA0D46A5}"
EndProject
Project("{FAE04EC0-301F-11D3-BF4B-00C04F79EFBC}") = "lessonz14_inheritance", "lessonz14_inheritance\lessonz14_inheritance.csproj", "{04E16A0D-3F61-48F4-9D87-C3360E4BE6AA}"
EndProject
Global
	GlobalSection(SolutionConfigurationPlatforms) = preSolution
		Debug|Any CPU = Debug|Any CPU
		Release|Any CPU = Release|Any CPU
	EndGlobalSection
	GlobalSection(ProjectConfigurationPlatforms) = postSolution
		{68F5B278-2100-4C24-83B4-3431BAC4B1DA}.Debug|Any CPU.ActiveCfg = Debug|Any CPU
		{68F5B278-2100-4C24-83B4-3431BAC4B1DA}.Debug|Any CPU.Build.0 = Debug|Any CPU
		{68F5B278-2100-4C24-83B4-3431BAC4B1DA}.Release|Any CPU.ActiveCfg = Release|Any CPU
		{68F5B278-2100-4C24-83B4-3431BAC4B1DA}.Release|Any CPU.Build.0 = Release|Any CPU
		{BCE50845-1B76-4AFE-A907-FEBCD5FA1720}.Debug|Any CPU.ActiveCfg = Debug|Any CPU
		{BCE50845-1B76-4AFE-A907-FEBCD5FA1720}.Debug|Any CPU.Build.0 = Debug|Any CPU
		{BCE50845-1B76-4AFE-A907-FEBCD5FA1720}.Release|Any CPU.ActiveCfg = Release|Any CPU
		{BCE50845-1B76-4AFE-A907-FEBCD5FA1720}.Release|Any CPU.Build.0 = Release|Any CPU
		{D7B0FB88-4634-439D-BCF5-171B4ABEEBA2}.Debug|Any CPU.ActiveCfg = Debug|Any CPU
		{D7B0FB88-4634-439D-BCF5-171B4ABEEBA2}.Debug|Any CPU.Build.0 = Debug|Any CPU
		{D7B0FB88-4634-439D-BCF5-171B4ABEEBA2}.Release|Any CPU.ActiveCfg = Release|Any CPU
		{D7B0FB88-4634-439D-BCF5-171B4ABEEBA2}.Release|Any CPU.Build.0 = Release|Any CPU
		{16AAF76C-F585-432D-8237-74100B9E18E4}.Debug|Any CPU.ActiveCfg = Debug|Any CPU
		{16AAF76C-F585-432D-8237-74100B9E18E4}.Debug|Any CPU.Build.0 = Debug|Any CPU
		{16AAF76C-F585-432D-8237-74100B9E18E4}.Release|Any CPU.ActiveCfg = Release|Any CPU
		{16AAF76C-F585-432D-8237-74100B9E18E4}.Release|Any CPU.Build.0 = Release|Any CPU
		{56187DBB-CA2F-48DF-BDF1-6EE95DC83659}.Debug|Any CPU.ActiveCfg = Debug|Any CPU
		{56187DBB-CA2F-48DF-BDF1-6EE95DC83659}.Debug|Any CPU.Build.0 = Debug|Any CPU
		{56187DBB-CA2F-48DF-BDF1-6EE95DC83659}.Release|Any CPU.ActiveCfg = Release|Any CPU
		{56187DBB-CA2F-48DF-BDF1-6EE95DC83659}.Release|Any CPU.Build.0 = Release|Any CPU
		{008DAF92-26C7-4DA1-9655-B9067C952936}.Debug|Any CPU.ActiveCfg = Debug|Any CPU
		{008DAF92-26C7-4DA1-9655-B9067C952936}.Debug|Any CPU.Build.0 = Debug|Any CPU
		{008DAF92-26C7-4DA1-9655-B9067C952936}.Release|Any CPU.ActiveCfg = Release|Any CPU
		{008DAF92-26C7-4DA1-9655-B9067C952936}.Release|Any CPU.Build.0 = Release|Any CPU
		{2855EA2B-947D-444A-BDCD-60ECC042F087}.Debug|Any CPU.ActiveCfg = Debug|Any CPU
		{2855EA2B-947D-444A-BDCD-60ECC042F087}.Debug|Any CPU.Build.0 = Debug|Any CPU
		{2855EA2B-947D-444A-BDCD-60ECC042F087}.Release|Any CPU.ActiveCfg = Release|Any CPU
		{2855EA2B-947D-444A-BDCD-60ECC042F087}.Release|Any CPU.Build.0 = Release|Any CPU
		{58EE9102-0C8E-43F4-862A-8E7CEF692F24}.Debug|Any CPU.ActiveCfg = Debug|Any CPU
		{58EE9102-0C8E-43F4-862A-8E7CEF692F24}.Debug|Any CPU.Build.0 = Debug|Any CPU
		{58EE9102-0C8E-43F4-862A-8E7CEF692F24}.Release|Any CPU.ActiveCfg = Release|Any CPU
		{58EE9102-0C8E-43F4-862A-8E7CEF692F24}.Release|Any CPU.Build.0 = Release|Any CPU
		{6AB3EE18-EEBF-4A65-85F3-A6191FDD8056}.Debug|Any CPU.ActiveCfg = Debug|Any CPU
		{6AB3EE18-EEBF-4A65-85F3-A6191FDD8056}.Debug|Any CPU.Build.0 = Debug|Any CPU
		{6AB3EE18-EEBF-4A65-85F3-A6191FDD8056}.Release|Any CPU.ActiveCfg = Release|Any CPU
		{6AB3EE18-EEBF-4A65-85F3-A6191FDD8056}.Release|Any CPU.Build.0 = Release|Any CPU
		{164C99EC-854F-4646-AE5E-5EE5A1F02175}.Debug|Any CPU.ActiveCfg = Debug|Any CPU
		{164C99EC-854F-4646-AE5E-5EE5A1F02175}.Debug|Any CPU.Build.0 = Debug|Any CPU
		{164C99EC-854F-4646-AE5E-5EE5A1F02175}.Release|Any CPU.ActiveCfg = Release|Any CPU
		{164C99EC-854F-4646-AE5E-5EE5A1F02175}.Release|Any CPU.Build.0 = Release|Any CPU
		{C040AB50-48A4-46ED-9A70-F8549F7CE94C}.Debug|Any CPU.ActiveCfg = Debug|Any CPU
		{C040AB50-48A4-46ED-9A70-F8549F7CE94C}.Debug|Any CPU.Build.0 = Debug|Any CPU
		{C040AB50-48A4-46ED-9A70-F8549F7CE94C}.Release|Any CPU.ActiveCfg = Release|Any CPU
		{C040AB50-48A4-46ED-9A70-F8549F7CE94C}.Release|Any CPU.Build.0 = Release|Any CPU
		{13B65389-7F9A-43FB-A132-46617272DDE0}.Debug|Any CPU.ActiveCfg = Debug|Any CPU
		{13B65389-7F9A-43FB-A132-46617272DDE0}.Debug|Any CPU.Build.0 = Debug|Any CPU
		{13B65389-7F9A-43FB-A132-46617272DDE0}.Release|Any CPU.ActiveCfg = Release|Any CPU
		{13B65389-7F9A-43FB-A132-46617272DDE0}.Release|Any CPU.Build.0 = Release|Any CPU
		{CDA12C44-4D5C-4307-A0D1-7444BA58DDE9}.Debug|Any CPU.ActiveCfg = Debug|Any CPU
		{CDA12C44-4D5C-4307-A0D1-7444BA58DDE9}.Debug|Any CPU.Build.0 = Debug|Any CPU
		{CDA12C44-4D5C-4307-A0D1-7444BA58DDE9}.Release|Any CPU.ActiveCfg = Release|Any CPU
		{CDA12C44-4D5C-4307-A0D1-7444BA58DDE9}.Release|Any CPU.Build.0 = Release|Any CPU
		{0E39DD62-4494-41D4-A99D-DEF669229CF7}.Debug|Any CPU.ActiveCfg = Debug|Any CPU
		{0E39DD62-4494-41D4-A99D-DEF669229CF7}.Debug|Any CPU.Build.0 = Debug|Any CPU
		{0E39DD62-4494-41D4-A99D-DEF669229CF7}.Release|Any CPU.ActiveCfg = Release|Any CPU
		{0E39DD62-4494-41D4-A99D-DEF669229CF7}.Release|Any CPU.Build.0 = Release|Any CPU
		{BE752EA5-209D-4853-8441-0B1522DBD71C}.Debug|Any CPU.ActiveCfg = Debug|Any CPU
		{BE752EA5-209D-4853-8441-0B1522DBD71C}.Debug|Any CPU.Build.0 = Debug|Any CPU
		{BE752EA5-209D-4853-8441-0B1522DBD71C}.Release|Any CPU.ActiveCfg = Release|Any CPU
		{BE752EA5-209D-4853-8441-0B1522DBD71C}.Release|Any CPU.Build.0 = Release|Any CPU
		{8B441DD3-5F07-48A8-AF3A-15DA44A1FF7A}.Debug|Any CPU.ActiveCfg = Debug|Any CPU
		{8B441DD3-5F07-48A8-AF3A-15DA44A1FF7A}.Debug|Any CPU.Build.0 = Debug|Any CPU
		{8B441DD3-5F07-48A8-AF3A-15DA44A1FF7A}.Release|Any CPU.ActiveCfg = Release|Any CPU
		{8B441DD3-5F07-48A8-AF3A-15DA44A1FF7A}.Release|Any CPU.Build.0 = Release|Any CPU
		{3F15D148-12E4-46EB-8031-BC7A95B95591}.Debug|Any CPU.ActiveCfg = Debug|Any CPU
		{3F15D148-12E4-46EB-8031-BC7A95B95591}.Debug|Any CPU.Build.0 = Debug|Any CPU
		{3F15D148-12E4-46EB-8031-BC7A95B95591}.Release|Any CPU.ActiveCfg = Release|Any CPU
		{3F15D148-12E4-46EB-8031-BC7A95B95591}.Release|Any CPU.Build.0 = Release|Any CPU
		{A7B403AF-300B-46DA-8709-3A5BB47C6ED8}.Debug|Any CPU.ActiveCfg = Debug|Any CPU
		{A7B403AF-300B-46DA-8709-3A5BB47C6ED8}.Debug|Any CPU.Build.0 = Debug|Any CPU
		{A7B403AF-300B-46DA-8709-3A5BB47C6ED8}.Release|Any CPU.ActiveCfg = Release|Any CPU
		{A7B403AF-300B-46DA-8709-3A5BB47C6ED8}.Release|Any CPU.Build.0 = Release|Any CPU
		{63AA5D74-91C4-4C4E-9C99-14368F1812ED}.Debug|Any CPU.ActiveCfg = Debug|Any CPU
		{63AA5D74-91C4-4C4E-9C99-14368F1812ED}.Debug|Any CPU.Build.0 = Debug|Any CPU
		{63AA5D74-91C4-4C4E-9C99-14368F1812ED}.Release|Any CPU.ActiveCfg = Release|Any CPU
		{63AA5D74-91C4-4C4E-9C99-14368F1812ED}.Release|Any CPU.Build.0 = Release|Any CPU
		{AB2376D4-399A-4E03-86DC-FB6FBA0D46A5}.Debug|Any CPU.ActiveCfg = Debug|Any CPU
		{AB2376D4-399A-4E03-86DC-FB6FBA0D46A5}.Debug|Any CPU.Build.0 = Debug|Any CPU
		{AB2376D4-399A-4E03-86DC-FB6FBA0D46A5}.Release|Any CPU.ActiveCfg = Release|Any CPU
		{AB2376D4-399A-4E03-86DC-FB6FBA0D46A5}.Release|Any CPU.Build.0 = Release|Any CPU
		{04E16A0D-3F61-48F4-9D87-C3360E4BE6AA}.Debug|Any CPU.ActiveCfg = Debug|Any CPU
		{04E16A0D-3F61-48F4-9D87-C3360E4BE6AA}.Debug|Any CPU.Build.0 = Debug|Any CPU
		{04E16A0D-3F61-48F4-9D87-C3360E4BE6AA}.Release|Any CPU.ActiveCfg = Release|Any CPU
		{04E16A0D-3F61-48F4-9D87-C3360E4BE6AA}.Release|Any CPU.Build.0 = Release|Any CPU
	EndGlobalSection
	GlobalSection(SolutionProperties) = preSolution
		HideSolutionNode = FALSE
	EndGlobalSection
	GlobalSection(ExtensibilityGlobals) = postSolution
		SolutionGuid = {97E65ACA-2A8E-49B6-8767-C4A2DB5B772A}
	EndGlobalSection
EndGlobal
